
Microsoft Visual Studio Solution File, Format Version 12.00
# Visual Studio Version 17
VisualStudioVersion = 17.2.32526.322
MinimumVisualStudioVersion = 10.0.40219.1
Project("{FAE04EC0-301F-11D3-BF4B-00C04F79EFBC}") = "TheBookWizard.Services.Infrastructure.Build", "TheBookWizard.Services.Infrastructure.Build\TheBookWizard.Services.Infrastructure.Build.csproj", "{2AFA0F36-77FF-42A4-A245-EA656B28BF59}"
EndProject
Global
	GlobalSection(SolutionConfigurationPlatforms) = preSolution
		Debug|Any CPU = Debug|Any CPU
		Release|Any CPU = Release|Any CPU
	EndGlobalSection
	GlobalSection(ProjectConfigurationPlatforms) = postSolution
		{2AFA0F36-77FF-42A4-A245-EA656B28BF59}.Debug|Any CPU.ActiveCfg = Debug|Any CPU
		{2AFA0F36-77FF-42A4-A245-EA656B28BF59}.Debug|Any CPU.Build.0 = Debug|Any CPU
		{2AFA0F36-77FF-42A4-A245-EA656B28BF59}.Release|Any CPU.ActiveCfg = Release|Any CPU
		{2AFA0F36-77FF-42A4-A245-EA656B28BF59}.Release|Any CPU.Build.0 = Release|Any CPU
	EndGlobalSection
	GlobalSection(SolutionProperties) = preSolution
		HideSolutionNode = FALSE
	EndGlobalSection
	GlobalSection(ExtensibilityGlobals) = postSolution
		SolutionGuid = {0486315D-8500-448C-A48A-33137F5DBD30}
	EndGlobalSection
EndGlobal
